
Microsoft Visual Studio Solution File, Format Version 12.00
# Visual Studio 14
VisualStudioVersion = 14.0.25420.1
MinimumVisualStudioVersion = 10.0.40219.1
Project("{159641D6-6404-4A2A-AE62-294DE0FE8301}") = "Enterprise_Data_Warehouse", "Enterprise_Data_Warehouse\Enterprise_Data_Warehouse.dtproj", "{0CF7F3E3-9E5D-4769-9284-D91DDD7FD864}"
EndProject
Project("{2150E333-8FDC-42A3-9474-1A3956D46DE8}") = "SQL", "SQL", "{48C30017-1A28-4B12-A106-0B961BFD658E}"
	ProjectSection(SolutionItems) = preProject
		000_SQL\Exception_Check_Daily_Check.sql = 000_SQL\Exception_Check_Daily_Check.sql
	EndProjectSection
EndProject
Project("{2150E333-8FDC-42A3-9474-1A3956D46DE8}") = "Files", "Files", "{A906F93F-8650-495C-AB59-C1AF9143013D}"
	ProjectSection(SolutionItems) = preProject
		Configuration_SQL_Server.txt = Configuration_SQL_Server.txt
	EndProjectSection
EndProject
Project("{2150E333-8FDC-42A3-9474-1A3956D46DE8}") = "References", "References", "{4D9843B7-1E94-498C-9D3E-EBE1DEFC888C}"
	ProjectSection(SolutionItems) = preProject
		000_References\Microsoft.CSharp.dll = 000_References\Microsoft.CSharp.dll
		000_References\System.Core.dll = 000_References\System.Core.dll
		000_References\System.Windows.Forms.dll = 000_References\System.Windows.Forms.dll
	EndProjectSection
EndProject
Global
	GlobalSection(SolutionConfigurationPlatforms) = preSolution
		Development|Any CPU = Development|Any CPU
		Production|Any CPU = Production|Any CPU
	EndGlobalSection
	GlobalSection(ProjectConfigurationPlatforms) = postSolution
		{0CF7F3E3-9E5D-4769-9284-D91DDD7FD864}.Development|Any CPU.ActiveCfg = Development
		{0CF7F3E3-9E5D-4769-9284-D91DDD7FD864}.Development|Any CPU.Build.0 = Development
		{0CF7F3E3-9E5D-4769-9284-D91DDD7FD864}.Production|Any CPU.ActiveCfg = Production
		{0CF7F3E3-9E5D-4769-9284-D91DDD7FD864}.Production|Any CPU.Build.0 = Production
	EndGlobalSection
	GlobalSection(SolutionProperties) = preSolution
		HideSolutionNode = FALSE
	EndGlobalSection
EndGlobal
