{
  "version": 2,
  "dependencies": {
    ".NETStandard,Version=v2.1": {
      "Microsoft.SqlServer.Dacpacs.Master": {
        "type": "Direct",
        "requested": "[160.2.4, )",
        "resolved": "160.2.4",
        "contentHash": "n5T06S9aHUTcH63x7ptiZ1ouDe9d11bz0uF+ZNgbWX6KwICAjscb+XR4g+ICEdlEzltMNmtfJWX0h5pkLL4TAQ=="
      },
      "direct_framework": {
        "type": "Project",
        "dependencies": {
          "Microsoft.SqlServer.Dacpacs.Master": "[160.2.4, )"
        }
      }
    }
  }
}