
Microsoft Visual Studio Solution File, Format Version 12.00
# Visual Studio Version 17
VisualStudioVersion = 17.14.36221.1 d17.14
MinimumVisualStudioVersion = 10.0.40219.1
Project("{FAE04EC0-301F-11D3-BF4B-00C04F79EFBC}") = "Direct_Framework.Integration.Tests", "Direct_Framework.Integration.Tests.csproj", "{0C10D04D-A38B-4D03-8E6E-5C0D743B26DB}"
EndProject
Global
	GlobalSection(SolutionConfigurationPlatforms) = preSolution
		Debug|Any CPU = Debug|Any CPU
		Release|Any CPU = Release|Any CPU
	EndGlobalSection
	GlobalSection(ProjectConfigurationPlatforms) = postSolution
		{0C10D04D-A38B-4D03-8E6E-5C0D743B26DB}.Debug|Any CPU.ActiveCfg = Debug|Any CPU
		{0C10D04D-A38B-4D03-8E6E-5C0D743B26DB}.Debug|Any CPU.Build.0 = Debug|Any CPU
		{0C10D04D-A38B-4D03-8E6E-5C0D743B26DB}.Release|Any CPU.ActiveCfg = Release|Any CPU
		{0C10D04D-A38B-4D03-8E6E-5C0D743B26DB}.Release|Any CPU.Build.0 = Release|Any CPU
	EndGlobalSection
	GlobalSection(SolutionProperties) = preSolution
		HideSolutionNode = FALSE
	EndGlobalSection
	GlobalSection(ExtensibilityGlobals) = postSolution
		SolutionGuid = {EBE179FA-F236-42B8-BD89-FB796AAEED3B}
	EndGlobalSection
EndGlobal
