
Microsoft Visual Studio Solution File, Format Version 12.00
# Visual Studio Version 16
VisualStudioVersion = 16.0.30011.22
MinimumVisualStudioVersion = 10.0.40219.1
Project("{159641D6-6404-4A2A-AE62-294DE0FE8301}") = "Data_Warehouse", "Enterprise_Data_Warehouse\Data_Warehouse.dtproj", "{0CF7F3E3-9E5D-4769-9284-D91DDD7FD864}"
EndProject
Project("{2150E333-8FDC-42A3-9474-1A3956D46DE8}") = "Files", "Files", "{A906F93F-8650-495C-AB59-C1AF9143013D}"
	ProjectSection(SolutionItems) = preProject
		Configuration_SQL_Server.txt = Configuration_SQL_Server.txt
	EndProjectSection
EndProject
Project("{2150E333-8FDC-42A3-9474-1A3956D46DE8}") = "References", "References", "{4D9843B7-1E94-498C-9D3E-EBE1DEFC888C}"
	ProjectSection(SolutionItems) = preProject
		000_References\Microsoft.CSharp.dll = 000_References\Microsoft.CSharp.dll
		000_References\System.Core.dll = 000_References\System.Core.dll
		000_References\System.Windows.Forms.dll = 000_References\System.Windows.Forms.dll
	EndProjectSection
EndProject
Project("{159641D6-6404-4A2A-AE62-294DE0FE8301}") = "Shared", "Shared\Shared.dtproj", "{09341913-6A41-4AB8-A826-FFEA05B80E17}"
EndProject
Global
	GlobalSection(SolutionConfigurationPlatforms) = preSolution
		Debug|Any CPU = Debug|Any CPU
		Development|Any CPU = Development|Any CPU
		Production|Any CPU = Production|Any CPU
		Release|Any CPU = Release|Any CPU
	EndGlobalSection
	GlobalSection(ProjectConfigurationPlatforms) = postSolution
		{0CF7F3E3-9E5D-4769-9284-D91DDD7FD864}.Debug|Any CPU.ActiveCfg = Development
		{0CF7F3E3-9E5D-4769-9284-D91DDD7FD864}.Debug|Any CPU.Build.0 = Development
		{0CF7F3E3-9E5D-4769-9284-D91DDD7FD864}.Development|Any CPU.ActiveCfg = Development
		{0CF7F3E3-9E5D-4769-9284-D91DDD7FD864}.Development|Any CPU.Build.0 = Development
		{0CF7F3E3-9E5D-4769-9284-D91DDD7FD864}.Production|Any CPU.ActiveCfg = Production
		{0CF7F3E3-9E5D-4769-9284-D91DDD7FD864}.Production|Any CPU.Build.0 = Production
		{0CF7F3E3-9E5D-4769-9284-D91DDD7FD864}.Release|Any CPU.ActiveCfg = Production
		{0CF7F3E3-9E5D-4769-9284-D91DDD7FD864}.Release|Any CPU.Build.0 = Production
		{09341913-6A41-4AB8-A826-FFEA05B80E17}.Debug|Any CPU.ActiveCfg = Development
		{09341913-6A41-4AB8-A826-FFEA05B80E17}.Debug|Any CPU.Build.0 = Development
		{09341913-6A41-4AB8-A826-FFEA05B80E17}.Development|Any CPU.ActiveCfg = Development
		{09341913-6A41-4AB8-A826-FFEA05B80E17}.Development|Any CPU.Build.0 = Development
		{09341913-6A41-4AB8-A826-FFEA05B80E17}.Production|Any CPU.ActiveCfg = Development
		{09341913-6A41-4AB8-A826-FFEA05B80E17}.Production|Any CPU.Build.0 = Development
		{09341913-6A41-4AB8-A826-FFEA05B80E17}.Release|Any CPU.ActiveCfg = Development
		{09341913-6A41-4AB8-A826-FFEA05B80E17}.Release|Any CPU.Build.0 = Development
	EndGlobalSection
	GlobalSection(SolutionProperties) = preSolution
		HideSolutionNode = FALSE
	EndGlobalSection
	GlobalSection(ExtensibilityGlobals) = postSolution
		SolutionGuid = {7C279BB2-F57C-4DB9-B8B7-88815C03479C}
	EndGlobalSection
EndGlobal
